
Microsoft Visual Studio Solution File, Format Version 12.00
# Visual Studio Version 16
VisualStudioVersion = 16.0.29509.3
MinimumVisualStudioVersion = 10.0.40219.1
Project("{FAE04EC0-301F-11D3-BF4B-00C04F79EFBC}") = "ShoeStoreFinal", "ShoeStoreFinal\ShoeStoreFinal.csproj", "{B9FFC4E6-D717-4BA3-8D21-DA7CB4E4B5FF}"
EndProject
Project("{FAE04EC0-301F-11D3-BF4B-00C04F79EFBC}") = "DomainClasses", "ModelsClasses\DomainClasses.csproj", "{C832AE4E-6F3E-4642-A6F2-558CB706AF38}"
EndProject
Project("{FAE04EC0-301F-11D3-BF4B-00C04F79EFBC}") = "DomainData", "DataModel\DomainData.csproj", "{A523A881-5ADB-4BE1-882B-EF8B26EB1F85}"
EndProject
Project("{FAE04EC0-301F-11D3-BF4B-00C04F79EFBC}") = "Services", "Services\Services.csproj", "{8B8D552C-215C-4261-A6CA-8BF32C2E67E7}"
EndProject
Project("{FAE04EC0-301F-11D3-BF4B-00C04F79EFBC}") = "WebApplication1", "WebApplication1\WebApplication1.csproj", "{7124A395-47E9-410D-B7E6-8C08ADC21311}"
EndProject
Global
	GlobalSection(SolutionConfigurationPlatforms) = preSolution
		Debug|Any CPU = Debug|Any CPU
		Release|Any CPU = Release|Any CPU
	EndGlobalSection
	GlobalSection(ProjectConfigurationPlatforms) = postSolution
		{B9FFC4E6-D717-4BA3-8D21-DA7CB4E4B5FF}.Debug|Any CPU.ActiveCfg = Debug|Any CPU
		{B9FFC4E6-D717-4BA3-8D21-DA7CB4E4B5FF}.Debug|Any CPU.Build.0 = Debug|Any CPU
		{B9FFC4E6-D717-4BA3-8D21-DA7CB4E4B5FF}.Release|Any CPU.ActiveCfg = Release|Any CPU
		{B9FFC4E6-D717-4BA3-8D21-DA7CB4E4B5FF}.Release|Any CPU.Build.0 = Release|Any CPU
		{C832AE4E-6F3E-4642-A6F2-558CB706AF38}.Debug|Any CPU.ActiveCfg = Debug|Any CPU
		{C832AE4E-6F3E-4642-A6F2-558CB706AF38}.Debug|Any CPU.Build.0 = Debug|Any CPU
		{C832AE4E-6F3E-4642-A6F2-558CB706AF38}.Release|Any CPU.ActiveCfg = Release|Any CPU
		{C832AE4E-6F3E-4642-A6F2-558CB706AF38}.Release|Any CPU.Build.0 = Release|Any CPU
		{A523A881-5ADB-4BE1-882B-EF8B26EB1F85}.Debug|Any CPU.ActiveCfg = Debug|Any CPU
		{A523A881-5ADB-4BE1-882B-EF8B26EB1F85}.Debug|Any CPU.Build.0 = Debug|Any CPU
		{A523A881-5ADB-4BE1-882B-EF8B26EB1F85}.Release|Any CPU.ActiveCfg = Release|Any CPU
		{A523A881-5ADB-4BE1-882B-EF8B26EB1F85}.Release|Any CPU.Build.0 = Release|Any CPU
		{8B8D552C-215C-4261-A6CA-8BF32C2E67E7}.Debug|Any CPU.ActiveCfg = Debug|Any CPU
		{8B8D552C-215C-4261-A6CA-8BF32C2E67E7}.Debug|Any CPU.Build.0 = Debug|Any CPU
		{8B8D552C-215C-4261-A6CA-8BF32C2E67E7}.Release|Any CPU.ActiveCfg = Release|Any CPU
		{8B8D552C-215C-4261-A6CA-8BF32C2E67E7}.Release|Any CPU.Build.0 = Release|Any CPU
		{7124A395-47E9-410D-B7E6-8C08ADC21311}.Debug|Any CPU.ActiveCfg = Debug|Any CPU
		{7124A395-47E9-410D-B7E6-8C08ADC21311}.Debug|Any CPU.Build.0 = Debug|Any CPU
		{7124A395-47E9-410D-B7E6-8C08ADC21311}.Release|Any CPU.ActiveCfg = Release|Any CPU
		{7124A395-47E9-410D-B7E6-8C08ADC21311}.Release|Any CPU.Build.0 = Release|Any CPU
	EndGlobalSection
	GlobalSection(SolutionProperties) = preSolution
		HideSolutionNode = FALSE
	EndGlobalSection
	GlobalSection(ExtensibilityGlobals) = postSolution
		SolutionGuid = {DD564B3E-D9DF-4F3B-AEE7-3392700CD408}
	EndGlobalSection
EndGlobal
